<Solution>
  <Project Path="dominio/dominio.csproj" Id="8647d4ad-93b5-42e6-878b-cc186ab733c9" />
  <Project Path="negocio/negocio.csproj" Id="6748bca4-a3dc-4d54-8f88-b8e302c2dbc6" />
  <Project Path="ProyectoArticulos/ProyectoArticulos.csproj" Id="8a901e17-7d08-49b5-a266-c339b584221d" />
</Solution>
